{
  "requires": true,
  "lockfileVersion": 1,
  "dependencies": {
    "@react-hook/toggle": {
      "version": "2.0.1",
      "resolved": "https://registry.npmjs.org/@react-hook/toggle/-/toggle-2.0.1.tgz",
      "integrity": "sha512-HiXmUmYFYusRwKgD6U2W/rN1vaxzcdvj8+lES9KobxusxWRVuHXdFoCReSpZo24y+FRPWZSa+ZcnZZim0XX20g=="
    }
  }
}
